
Microsoft Visual Studio Solution File, Format Version 12.00
# Visual Studio Version 17
VisualStudioVersion = 17.4.33103.184
MinimumVisualStudioVersion = 10.0.40219.1
Project("{9A19103F-16F7-4668-BE54-9A1E7A4F7556}") = "SensorMessageSender", "SensorMessageSender\SensorMessageSender.csproj", "{E1F6F23D-1A08-4474-8EC4-42F30E67EF86}"
EndProject
Global
	GlobalSection(SolutionConfigurationPlatforms) = preSolution
		Debug|Any CPU = Debug|Any CPU
		Release|Any CPU = Release|Any CPU
	EndGlobalSection
	GlobalSection(ProjectConfigurationPlatforms) = postSolution
		{E1F6F23D-1A08-4474-8EC4-42F30E67EF86}.Debug|Any CPU.ActiveCfg = Debug|Any CPU
		{E1F6F23D-1A08-4474-8EC4-42F30E67EF86}.Debug|Any CPU.Build.0 = Debug|Any CPU
		{E1F6F23D-1A08-4474-8EC4-42F30E67EF86}.Release|Any CPU.ActiveCfg = Release|Any CPU
		{E1F6F23D-1A08-4474-8EC4-42F30E67EF86}.Release|Any CPU.Build.0 = Release|Any CPU
	EndGlobalSection
	GlobalSection(SolutionProperties) = preSolution
		HideSolutionNode = FALSE
	EndGlobalSection
	GlobalSection(ExtensibilityGlobals) = postSolution
		SolutionGuid = {FD174975-B744-4B85-96EA-08FFB187CB63}
	EndGlobalSection
EndGlobal
